<?xml version="1.0" encoding="utf-8"?>
<Project ToolsVersion="4.0" xmlns="http://schemas.microsoft.com/developer/msbuild/2003">
  <ItemGroup>
    <Filter Include="资源文件">
      <UniqueIdentifier>{67DA6AB6-F800-4c08-8B7A-83BB121AAD01}</UniqueIdentifier>
      <Extensions>rc;ico;cur;bmp;dlg;rc2;rct;bin;rgs;gif;jpg;jpeg;jpe;resx;tiff;tif;png;wav;mfcribbon-ms</Extensions>
    </Filter>
    <Filter Include="头文件">
      <UniqueIdentifier>{93995380-89BD-4b04-88EB-625FBE52EBFB}</UniqueIdentifier>
      <Extensions>h;hh;hpp;hxx;hm;inl;inc;xsd</Extensions>
    </Filter>
    <Filter Include="源文件">
      <UniqueIdentifier>{4FC737F1-C7A5-4376-A066-2A32D752A2FF}</UniqueIdentifier>
      <Extensions>cpp;c;cc;cxx;def;odl;idl;hpj;bat;asm;asmx</Extensions>
    </Filter>
    <Filter Include="Common">
      <UniqueIdentifier>{72e74f24-c532-4185-a017-1ca856d22de0}</UniqueIdentifier>
    </Filter>
    <Filter Include="Document">
      <UniqueIdentifier>{60fa9161-959c-401e-917b-b3178df7a994}</UniqueIdentifier>
    </Filter>
    <Filter Include="Document\Document">
      <UniqueIdentifier>{49587f5d-80b2-46e9-b901-ee1743ae3ed5}</UniqueIdentifier>
    </Filter>
    <Filter Include="Document\Tutorial">
      <UniqueIdentifier>{172b2f02-bd6f-4ef5-b71b-31d662b9de31}</UniqueIdentifier>
    </Filter>
    <Filter Include="Document\Document\Others">
      <UniqueIdentifier>{b61ae010-e7d4-41fb-96c2-ea3e5ae9fa5a}</UniqueIdentifier>
    </Filter>
    <Filter Include="Shader">
      <UniqueIdentifier>{3a5cc722-df50-42ea-8c04-898fdc782918}</UniqueIdentifier>
    </Filter>
    <Filter Include="Shader\Common">
      <UniqueIdentifier>{882a02ff-4fad-4e52-b72b-54676ed9036e}</UniqueIdentifier>
    </Filter>
    <Filter Include="dxerr">
      <UniqueIdentifier>{ec7b4770-eb04-4a4e-8504-00a9bb50bafc}</UniqueIdentifier>
    </Filter>
    <Filter Include="Shader\Lighting">
      <UniqueIdentifier>{339048cc-9aa7-44e6-a665-b62b38b887dd}</UniqueIdentifier>
    </Filter>
    <Filter Include="DDSTextureLoader">
      <UniqueIdentifier>{827f611b-fe2a-40b3-abd4-a9afb216d39c}</UniqueIdentifier>
    </Filter>
    <Filter Include="Document\Document\GameFramework">
      <UniqueIdentifier>{1a8667e2-f534-4c65-bab3-ac743f090b5f}</UniqueIdentifier>
    </Filter>
    <Filter Include="Common\MemoryManager">
      <UniqueIdentifier>{6c62c8ce-9d14-41b1-83d2-ee0aa53a1a4f}</UniqueIdentifier>
    </Filter>
    <Filter Include="Common\MetaData">
      <UniqueIdentifier>{a55a1926-c2ea-495d-b4be-ff120f193fdf}</UniqueIdentifier>
    </Filter>
    <Filter Include="Math">
      <UniqueIdentifier>{b7a48531-09a0-4f01-9344-175d017c70cf}</UniqueIdentifier>
    </Filter>
    <Filter Include="Math\Common">
      <UniqueIdentifier>{d81e2a74-1f34-45ac-bd89-2810e57a79e9}</UniqueIdentifier>
    </Filter>
    <Filter Include="Math\BoundingBox">
      <UniqueIdentifier>{e2f6f005-ab54-465d-ad48-6132d0b4ab06}</UniqueIdentifier>
    </Filter>
    <Filter Include="Render">
      <UniqueIdentifier>{d357af24-5448-4b33-98da-9a35f0daf6c5}</UniqueIdentifier>
    </Filter>
    <Filter Include="Render\RenderInterface">
      <UniqueIdentifier>{c7c8e99c-f6c4-4aad-936c-98a8269c9b31}</UniqueIdentifier>
    </Filter>
    <Filter Include="Render\RenderInterface\DX11">
      <UniqueIdentifier>{8be1783a-e652-40c5-9e46-418f83f864dc}</UniqueIdentifier>
    </Filter>
  </ItemGroup>
  <ItemGroup>
    <None Include="ClassDiagram.cd">
      <Filter>资源文件</Filter>
    </None>
    <None Include="README.md">
      <Filter>Document</Filter>
    </None>
    <None Include="Document\Document\Others\Space文件类型.md">
      <Filter>Document\Document\Others</Filter>
    </None>
    <None Include="Space.licenseheader" />
    <None Include="Source\GameEngine\dxerr\dxerr.licenseheader">
      <Filter>dxerr</Filter>
    </None>
    <None Include="Document\Document\Others\ToDoList.md">
      <Filter>Document\Document\Others</Filter>
    </None>
    <None Include="Source\GameEngine\DDSTextureLoader\DDSTextureLoader.licenseheader">
      <Filter>DDSTextureLoader</Filter>
    </None>
    <None Include="SystemConfig.configfile" />
    <None Include="Document\Document\Others\Notice.md">
      <Filter>Document\Document\Others</Filter>
    </None>
    <None Include="Document\Document\GameFramework\Asset.md">
      <Filter>Document\Document\GameFramework</Filter>
    </None>
    <None Include="Document\Document\GameFramework\Component子类编写规则.md">
      <Filter>Document\Document\GameFramework</Filter>
    </None>
    <None Include="Document\Document\GameFramework\Space光源及光源组件.md">
      <Filter>Document\Document\GameFramework</Filter>
    </None>
    <None Include="Document\Document\GameFramework\Space基本组件Component类.md">
      <Filter>Document\Document\GameFramework</Filter>
    </None>
    <None Include="appveyor.yml" />
  </ItemGroup>
  <ItemGroup>
    <ClInclude Include="Source\GameEngine\dxerr\dxerr.h">
      <Filter>dxerr</Filter>
    </ClInclude>
    <ClInclude Include="Source\GameEngine\DDSTextureLoader\DDSTextureLoader.h">
      <Filter>DDSTextureLoader</Filter>
    </ClInclude>
    <ClInclude Include="Source\GameEngine\SpaceGameEngine.h">
      <Filter>头文件</Filter>
    </ClInclude>
    <ClInclude Include="Source\GameEngine\Common\stdafx.h">
      <Filter>Common</Filter>
    </ClInclude>
    <ClInclude Include="Source\GameEngine\Common\Def.h">
      <Filter>Common</Filter>
    </ClInclude>
    <ClInclude Include="Source\GameEngine\Common\Space.h">
      <Filter>Common</Filter>
    </ClInclude>
    <ClInclude Include="Source\GameEngine\Common\MemoryManager\Allocator.h">
      <Filter>Common\MemoryManager</Filter>
    </ClInclude>
    <ClInclude Include="Source\GameEngine\Common\MemoryManager\MemoryManager.h">
      <Filter>Common\MemoryManager</Filter>
    </ClInclude>
    <ClInclude Include="Source\GameEngine\Common\GlobalVariable.h">
      <Filter>Common</Filter>
    </ClInclude>
    <ClInclude Include="Source\GameEngine\Common\MemoryManager\AllocatorForSTL.hpp">
      <Filter>Common\MemoryManager</Filter>
    </ClInclude>
    <ClInclude Include="Source\GameEngine\Common\Error.h">
      <Filter>Common</Filter>
    </ClInclude>
    <ClInclude Include="Source\GameEngine\Common\StringConverter.h">
      <Filter>Common</Filter>
    </ClInclude>
    <ClInclude Include="Source\GameEngine\Common\Timer.h">
      <Filter>Common</Filter>
    </ClInclude>
    <ClInclude Include="Source\GameEngine\Common\File.h">
      <Filter>Common</Filter>
    </ClInclude>
    <ClInclude Include="Source\GameEngine\Common\ConfigFile.h">
      <Filter>Common</Filter>
    </ClInclude>
    <ClInclude Include="Source\GameEngine\Common\GUIDFactory.h">
      <Filter>Common</Filter>
    </ClInclude>
    <ClInclude Include="Source\GameEngine\Common\InputDevice.h">
      <Filter>Common</Filter>
    </ClInclude>
    <ClInclude Include="Source\GameEngine\Common\Window.h">
      <Filter>Common</Filter>
    </ClInclude>
    <ClInclude Include="Source\GameEngine\Common\CurrentObject.hpp">
      <Filter>Common</Filter>
    </ClInclude>
    <ClInclude Include="Source\GameEngine\Common\MetaData\MetaData.h">
      <Filter>Common\MetaData</Filter>
    </ClInclude>
    <ClInclude Include="Source\GameEngine\Common\MetaData\Serialize.h">
      <Filter>Common\MetaData</Filter>
    </ClInclude>
    <ClInclude Include="Source\GameEngine\Common\MetaData\TextFileSerializeInterface.h">
      <Filter>Common\MetaData</Filter>
    </ClInclude>
    <ClInclude Include="Source\GameEngine\Common\MetaData\BinaryFileSerializeInterface.h">
      <Filter>Common\MetaData</Filter>
    </ClInclude>
    <ClInclude Include="Source\GameEngine\Math\Common\Vector2D.h">
      <Filter>Math\Common</Filter>
    </ClInclude>
    <ClInclude Include="Source\GameEngine\Math\Common\ConstantValue.hpp">
      <Filter>Math\Common</Filter>
    </ClInclude>
    <ClInclude Include="Source\GameEngine\Math\Common\Float.h">
      <Filter>Math\Common</Filter>
    </ClInclude>
    <ClInclude Include="Source\GameEngine\Math\Common\Vector3D.h">
      <Filter>Math\Common</Filter>
    </ClInclude>
    <ClInclude Include="Source\GameEngine\Math\Common\Vector4D.h">
      <Filter>Math\Common</Filter>
    </ClInclude>
    <ClInclude Include="Source\GameEngine\Math\Common\Matrix3D.h">
      <Filter>Math\Common</Filter>
    </ClInclude>
    <ClInclude Include="Source\GameEngine\Math\Common\Matrix4D.h">
      <Filter>Math\Common</Filter>
    </ClInclude>
    <ClInclude Include="Source\GameEngine\Math\BoundingBox\AxisAlignedBoundingBox.h">
      <Filter>Math\BoundingBox</Filter>
    </ClInclude>
    <ClInclude Include="Source\GameEngine\Math\Common\Triangle.h">
      <Filter>Math\Common</Filter>
    </ClInclude>
    <ClInclude Include="Source\GameEngine\Math\Common\Plane.h">
      <Filter>Math\Common</Filter>
    </ClInclude>
    <ClInclude Include="Source\GameEngine\Math\Common\Frustum.h">
      <Filter>Math\Common</Filter>
    </ClInclude>
    <ClInclude Include="Source\GameEngine\Render\RenderInterface\RenderInterface.h">
      <Filter>Render\RenderInterface</Filter>
    </ClInclude>
    <ClInclude Include="Source\GameEngine\Render\RenderInterface\DX11\DX11RenderInterface.h">
      <Filter>Render\RenderInterface\DX11</Filter>
    </ClInclude>
    <ClInclude Include="Source\GameEngine\Render\RenderInterface\RenderTarget.h">
      <Filter>Render\RenderInterface</Filter>
    </ClInclude>
    <ClInclude Include="Source\GameEngine\Render\RenderInterface\ViewPort.h">
      <Filter>Render\RenderInterface</Filter>
    </ClInclude>
    <ClInclude Include="Source\GameEngine\Common\UnitTestFramework.hpp">
      <Filter>Common</Filter>
    </ClInclude>
    <ClInclude Include="Source\GameEngine\Common\Observer.hpp">
      <Filter>Common</Filter>
    </ClInclude>
    <ClInclude Include="Source\GameEngine\DoxygenPage.h">
      <Filter>头文件</Filter>
    </ClInclude>
  </ItemGroup>
  <ItemGroup>
    <ClCompile Include="Source\GameEngine\main.cpp">
      <Filter>源文件</Filter>
    </ClCompile>
    <ClCompile Include="Source\GameEngine\dxerr\dxerr.cpp">
      <Filter>dxerr</Filter>
    </ClCompile>
    <ClCompile Include="Source\GameEngine\DDSTextureLoader\DDSTextureLoader.cpp">
      <Filter>DDSTextureLoader</Filter>
    </ClCompile>
    <ClCompile Include="Source\GameEngine\Common\stdafx.cpp">
      <Filter>Common</Filter>
    </ClCompile>
    <ClCompile Include="Source\GameEngine\Common\Def.cpp">
      <Filter>Common</Filter>
    </ClCompile>
    <ClCompile Include="Source\GameEngine\Common\Space.cpp">
      <Filter>Common</Filter>
    </ClCompile>
    <ClCompile Include="Source\GameEngine\Common\MemoryManager\Allocator.cpp">
      <Filter>Common\MemoryManager</Filter>
    </ClCompile>
    <ClCompile Include="Source\GameEngine\Common\MemoryManager\MemoryManager.cpp">
      <Filter>Common\MemoryManager</Filter>
    </ClCompile>
    <ClCompile Include="Source\GameEngine\Common\GlobalVariable.cpp">
      <Filter>Common</Filter>
    </ClCompile>
    <ClCompile Include="Source\GameEngine\Common\Error.cpp">
      <Filter>Common</Filter>
    </ClCompile>
    <ClCompile Include="Source\GameEngine\Common\StringConverter.cpp">
      <Filter>Common</Filter>
    </ClCompile>
    <ClCompile Include="Source\GameEngine\Common\Timer.cpp">
      <Filter>Common</Filter>
    </ClCompile>
    <ClCompile Include="Source\GameEngine\Common\File.cpp">
      <Filter>Common</Filter>
    </ClCompile>
    <ClCompile Include="Source\GameEngine\Common\ConfigFile.cpp">
      <Filter>Common</Filter>
    </ClCompile>
    <ClCompile Include="Source\GameEngine\Common\GUIDFactory.cpp">
      <Filter>Common</Filter>
    </ClCompile>
    <ClCompile Include="Source\GameEngine\Common\InputDevice.cpp">
      <Filter>Common</Filter>
    </ClCompile>
    <ClCompile Include="Source\GameEngine\Common\Window.cpp">
      <Filter>Common</Filter>
    </ClCompile>
    <ClCompile Include="Source\GameEngine\Common\MetaData\MetaData.cpp">
      <Filter>Common\MetaData</Filter>
    </ClCompile>
    <ClCompile Include="Source\GameEngine\Common\MetaData\Serialize.cpp">
      <Filter>Common\MetaData</Filter>
    </ClCompile>
    <ClCompile Include="Source\GameEngine\Common\MetaData\TextFileSerializeInterface.cpp">
      <Filter>Common\MetaData</Filter>
    </ClCompile>
    <ClCompile Include="Source\GameEngine\Common\MetaData\BinaryFileSerializeInterface.cpp">
      <Filter>Common\MetaData</Filter>
    </ClCompile>
    <ClCompile Include="Source\GameEngine\Math\Common\Vector2D.cpp">
      <Filter>Math\Common</Filter>
    </ClCompile>
    <ClCompile Include="Source\GameEngine\Math\Common\Float.cpp">
      <Filter>Math\Common</Filter>
    </ClCompile>
    <ClCompile Include="Source\GameEngine\Math\Common\Vector3D.cpp">
      <Filter>Math\Common</Filter>
    </ClCompile>
    <ClCompile Include="Source\GameEngine\Math\Common\Vector4D.cpp">
      <Filter>Math\Common</Filter>
    </ClCompile>
    <ClCompile Include="Source\GameEngine\Math\Common\Matrix3D.cpp">
      <Filter>Math\Common</Filter>
    </ClCompile>
    <ClCompile Include="Source\GameEngine\Math\Common\Matrix4D.cpp">
      <Filter>Math\Common</Filter>
    </ClCompile>
    <ClCompile Include="Source\GameEngine\Math\BoundingBox\AxisAlignedBoundingBox.cpp">
      <Filter>Math\BoundingBox</Filter>
    </ClCompile>
    <ClCompile Include="Source\GameEngine\Math\Common\Triangle.cpp">
      <Filter>Math\Common</Filter>
    </ClCompile>
    <ClCompile Include="Source\GameEngine\Math\Common\Plane.cpp">
      <Filter>Math\Common</Filter>
    </ClCompile>
    <ClCompile Include="Source\GameEngine\Math\Common\Frustum.cpp">
      <Filter>Math\Common</Filter>
    </ClCompile>
    <ClCompile Include="Source\GameEngine\Render\RenderInterface\RenderInterface.cpp">
      <Filter>Render\RenderInterface</Filter>
    </ClCompile>
    <ClCompile Include="Source\GameEngine\Render\RenderInterface\DX11\DX11RenderInterface.cpp">
      <Filter>Render\RenderInterface\DX11</Filter>
    </ClCompile>
    <ClCompile Include="Source\GameEngine\Render\RenderInterface\RenderTarget.cpp">
      <Filter>Render\RenderInterface</Filter>
    </ClCompile>
    <ClCompile Include="Source\GameEngine\Render\RenderInterface\ViewPort.cpp">
      <Filter>Render\RenderInterface</Filter>
    </ClCompile>
  </ItemGroup>
  <ItemGroup>
    <FxCompile Include="Source\GameEngine\Shader\Common\DefaultPS.hlsl">
      <Filter>Shader\Common</Filter>
    </FxCompile>
    <FxCompile Include="Source\GameEngine\Shader\Common\DefaultVS.hlsl">
      <Filter>Shader\Common</Filter>
    </FxCompile>
    <FxCompile Include="Source\GameEngine\Shader\Common\DefaultShader.fx">
      <Filter>Shader\Common</Filter>
    </FxCompile>
    <FxCompile Include="Source\GameEngine\Shader\Lighting\Light.fx">
      <Filter>Shader\Lighting</Filter>
    </FxCompile>
  </ItemGroup>
</Project>