<?xml version="1.0" encoding="utf-8"?>
<Project ToolsVersion="4.0" xmlns="http://schemas.microsoft.com/developer/msbuild/2003">
  <ItemGroup>
    <Filter Include="资源文件">
      <UniqueIdentifier>{67DA6AB6-F800-4c08-8B7A-83BB121AAD01}</UniqueIdentifier>
      <Extensions>rc;ico;cur;bmp;dlg;rc2;rct;bin;rgs;gif;jpg;jpeg;jpe;resx;tiff;tif;png;wav;mfcribbon-ms</Extensions>
    </Filter>
    <Filter Include="头文件">
      <UniqueIdentifier>{93995380-89BD-4b04-88EB-625FBE52EBFB}</UniqueIdentifier>
      <Extensions>h;hh;hpp;hxx;hm;inl;inc;xsd</Extensions>
    </Filter>
    <Filter Include="源文件">
      <UniqueIdentifier>{4FC737F1-C7A5-4376-A066-2A32D752A2FF}</UniqueIdentifier>
      <Extensions>cpp;c;cc;cxx;def;odl;idl;hpj;bat;asm;asmx</Extensions>
    </Filter>
    <Filter Include="Common">
      <UniqueIdentifier>{72e74f24-c532-4185-a017-1ca856d22de0}</UniqueIdentifier>
    </Filter>
    <Filter Include="Common\Include">
      <UniqueIdentifier>{0a2c57a3-9b65-4a26-bb1d-837628ff865f}</UniqueIdentifier>
    </Filter>
    <Filter Include="Common\Source">
      <UniqueIdentifier>{2e91197d-ad36-4986-a41a-7ab9f31b2d81}</UniqueIdentifier>
    </Filter>
    <Filter Include="Game">
      <UniqueIdentifier>{e8d5e1a2-818e-4be3-bd2d-0a36c078f58b}</UniqueIdentifier>
    </Filter>
    <Filter Include="Game\Game">
      <UniqueIdentifier>{82ef329d-2665-49fc-bbc6-480b66782d0b}</UniqueIdentifier>
    </Filter>
    <Filter Include="Game\Scene">
      <UniqueIdentifier>{c6417263-ca5a-4ac8-910e-4dc77de4b62b}</UniqueIdentifier>
    </Filter>
    <Filter Include="Game\Component">
      <UniqueIdentifier>{2b516517-8ee5-439f-a88f-41baf8ea7a69}</UniqueIdentifier>
    </Filter>
    <Filter Include="Game\Component\Include">
      <UniqueIdentifier>{0b507e4e-5d4b-4dd9-8b3b-a6e0d7405a4a}</UniqueIdentifier>
    </Filter>
    <Filter Include="Game\Component\Source">
      <UniqueIdentifier>{0ca2712a-4fb3-4247-9f1e-a4aecf0fea1e}</UniqueIdentifier>
    </Filter>
    <Filter Include="Game\Game\Include">
      <UniqueIdentifier>{5aef1e3f-e9ec-4065-9391-d887c68857ab}</UniqueIdentifier>
    </Filter>
    <Filter Include="Game\Game\Source">
      <UniqueIdentifier>{2878083c-dc9e-46d9-be0b-87dc035df1f1}</UniqueIdentifier>
    </Filter>
    <Filter Include="Game\Scene\Include">
      <UniqueIdentifier>{87e11ac2-8c34-4b96-87d9-943a219c51a1}</UniqueIdentifier>
    </Filter>
    <Filter Include="Game\Scene\Source">
      <UniqueIdentifier>{792aeb99-c7ce-4b96-bbd2-f98fd8119105}</UniqueIdentifier>
    </Filter>
    <Filter Include="Graphics">
      <UniqueIdentifier>{b4fa96be-d5f3-4b2b-a7b7-0fe81743ed19}</UniqueIdentifier>
    </Filter>
    <Filter Include="Graphics\Mesh">
      <UniqueIdentifier>{62c6dc96-078b-4b1a-acf3-f36ad77ca0f8}</UniqueIdentifier>
    </Filter>
    <Filter Include="Graphics\Mesh\Include">
      <UniqueIdentifier>{49867c1b-ed13-4b43-8a80-7f236df17f5c}</UniqueIdentifier>
    </Filter>
    <Filter Include="Graphics\Mesh\Source">
      <UniqueIdentifier>{a31d6213-4770-44d8-9587-5fc99e7c4937}</UniqueIdentifier>
    </Filter>
    <Filter Include="Document">
      <UniqueIdentifier>{60fa9161-959c-401e-917b-b3178df7a994}</UniqueIdentifier>
    </Filter>
    <Filter Include="Document\Document">
      <UniqueIdentifier>{49587f5d-80b2-46e9-b901-ee1743ae3ed5}</UniqueIdentifier>
    </Filter>
    <Filter Include="Document\Tutorial">
      <UniqueIdentifier>{172b2f02-bd6f-4ef5-b71b-31d662b9de31}</UniqueIdentifier>
    </Filter>
    <Filter Include="Game\Object">
      <UniqueIdentifier>{891a62f1-ecb9-4dda-a4f7-fd19d3802383}</UniqueIdentifier>
    </Filter>
    <Filter Include="Game\Object\Include">
      <UniqueIdentifier>{cfb09179-5358-4fcb-b6e6-33dd79eca12d}</UniqueIdentifier>
    </Filter>
    <Filter Include="Game\Object\Source">
      <UniqueIdentifier>{7992344c-92d5-4b9a-b45b-de12f7af54eb}</UniqueIdentifier>
    </Filter>
    <Filter Include="Document\Document\GameFarmework">
      <UniqueIdentifier>{1a8667e2-f534-4c65-bab3-ac743f090b5f}</UniqueIdentifier>
    </Filter>
    <Filter Include="Document\Document\Others">
      <UniqueIdentifier>{b61ae010-e7d4-41fb-96c2-ea3e5ae9fa5a}</UniqueIdentifier>
    </Filter>
    <Filter Include="Physics">
      <UniqueIdentifier>{6cd9d7b4-f925-4a37-b03f-9ee0ca23c585}</UniqueIdentifier>
    </Filter>
    <Filter Include="Physics\Transform">
      <UniqueIdentifier>{d6a7c46a-3d3c-44eb-bec3-172bc7054212}</UniqueIdentifier>
    </Filter>
    <Filter Include="Physics\Transform\Include">
      <UniqueIdentifier>{9b83914b-0ccd-4f33-832b-0eece0b63131}</UniqueIdentifier>
    </Filter>
    <Filter Include="Physics\Transform\Source">
      <UniqueIdentifier>{406f481f-78e0-43f2-8b62-dd061d681849}</UniqueIdentifier>
    </Filter>
    <Filter Include="Game\Message">
      <UniqueIdentifier>{7ff2a509-82a6-48dd-8385-7ec265e723af}</UniqueIdentifier>
    </Filter>
    <Filter Include="Game\Message\Include">
      <UniqueIdentifier>{3b7599df-7046-4790-87f3-272ab0792e14}</UniqueIdentifier>
    </Filter>
    <Filter Include="Game\Message\Source">
      <UniqueIdentifier>{750c2f91-cd7e-471d-9515-61fa0efdc1d6}</UniqueIdentifier>
    </Filter>
    <Filter Include="Shader">
      <UniqueIdentifier>{3a5cc722-df50-42ea-8c04-898fdc782918}</UniqueIdentifier>
    </Filter>
    <Filter Include="Shader\Common">
      <UniqueIdentifier>{882a02ff-4fad-4e52-b72b-54676ed9036e}</UniqueIdentifier>
    </Filter>
    <Filter Include="dxerr">
      <UniqueIdentifier>{ec7b4770-eb04-4a4e-8504-00a9bb50bafc}</UniqueIdentifier>
    </Filter>
    <Filter Include="ShaderFarmework">
      <UniqueIdentifier>{04d38d97-7740-4440-bd14-344d3e599c17}</UniqueIdentifier>
    </Filter>
    <Filter Include="ShaderFarmework\VertexShader">
      <UniqueIdentifier>{b52bdf6f-d8bc-4225-8527-d8546063b7fa}</UniqueIdentifier>
    </Filter>
    <Filter Include="ShaderFarmework\VertexShader\Include">
      <UniqueIdentifier>{e70d74b8-11c9-4a06-b7a6-0a492556f589}</UniqueIdentifier>
    </Filter>
    <Filter Include="ShaderFarmework\VertexShader\Source">
      <UniqueIdentifier>{c3d1b3e2-8b2d-4014-9501-eb9a344b8ccf}</UniqueIdentifier>
    </Filter>
  </ItemGroup>
  <ItemGroup>
    <None Include="ClassDiagram.cd">
      <Filter>资源文件</Filter>
    </None>
    <None Include="README.md">
      <Filter>Document</Filter>
    </None>
    <None Include="Document\Document\GameFarmework\Space基本组件Component类.md">
      <Filter>Document\Document\GameFarmework</Filter>
    </None>
    <None Include="Document\Document\Others\Space文件类型.md">
      <Filter>Document\Document\Others</Filter>
    </None>
  </ItemGroup>
  <ItemGroup>
    <ClInclude Include="Source\GameEngine\Graphics\Mesh\Include\Mesh.h">
      <Filter>Graphics\Mesh\Include</Filter>
    </ClInclude>
    <ClInclude Include="Source\GameEngine\Game\Component\Include\Component.h">
      <Filter>Game\Component\Include</Filter>
    </ClInclude>
    <ClInclude Include="Source\GameEngine\Game\Component\Include\ComponentManager.h">
      <Filter>Game\Component\Include</Filter>
    </ClInclude>
    <ClInclude Include="Source\GameEngine\Game\Game\Include\Game.h">
      <Filter>Game\Game\Include</Filter>
    </ClInclude>
    <ClInclude Include="Source\GameEngine\Game\Scene\Include\Scene.h">
      <Filter>Game\Scene\Include</Filter>
    </ClInclude>
    <ClInclude Include="Source\GameEngine\Common\Include\InputDevice.h">
      <Filter>Common\Include</Filter>
    </ClInclude>
    <ClInclude Include="Source\GameEngine\Common\Include\Memory.hpp">
      <Filter>Common\Include</Filter>
    </ClInclude>
    <ClInclude Include="Source\GameEngine\Common\Include\Space.h">
      <Filter>Common\Include</Filter>
    </ClInclude>
    <ClInclude Include="Source\GameEngine\Common\Include\stdafx.h">
      <Filter>Common\Include</Filter>
    </ClInclude>
    <ClInclude Include="Source\GameEngine\Common\Include\Window.h">
      <Filter>Common\Include</Filter>
    </ClInclude>
    <ClInclude Include="Source\GameEngine\Game\Object\Include\Object.h">
      <Filter>Game\Object\Include</Filter>
    </ClInclude>
    <ClInclude Include="Source\GameEngine\Game\Object\Include\ObjectManager.h">
      <Filter>Game\Object\Include</Filter>
    </ClInclude>
    <ClInclude Include="Source\GameEngine\Physics\Transform\Include\Transform.h">
      <Filter>Physics\Transform\Include</Filter>
    </ClInclude>
    <ClInclude Include="Source\GameEngine\Game\Object\Include\ObjectInformation.h">
      <Filter>Game\Object\Include</Filter>
    </ClInclude>
    <ClInclude Include="Source\GameEngine\Game\Message\Include\Message.h">
      <Filter>Game\Message\Include</Filter>
    </ClInclude>
    <ClInclude Include="Source\GameEngine\Game\Component\Include\ComponentFactoryManager.h">
      <Filter>Game\Component\Include</Filter>
    </ClInclude>
    <ClInclude Include="Source\GameEngine\Common\Include\SpaceGameEngine.h">
      <Filter>Common\Include</Filter>
    </ClInclude>
    <ClInclude Include="Source\GameEngine\Game\Object\Include\ObjectFactory.h">
      <Filter>Game\Object\Include</Filter>
    </ClInclude>
    <ClInclude Include="Source\GameEngine\Game\Game\Include\SafeGet.h">
      <Filter>Game\Game\Include</Filter>
    </ClInclude>
    <ClInclude Include="Source\GameEngine\dxerr\dxerr.h">
      <Filter>dxerr</Filter>
    </ClInclude>
    <ClInclude Include="Source\GameEngine\ShaderFarmework\VertexShader\Include\VertexShader.h">
      <Filter>ShaderFarmework\VertexShader\Include</Filter>
    </ClInclude>
  </ItemGroup>
  <ItemGroup>
    <ClCompile Include="Source\GameEngine\Graphics\Mesh\Source\Mesh.cpp">
      <Filter>Graphics\Mesh\Source</Filter>
    </ClCompile>
    <ClCompile Include="Source\GameEngine\Game\Component\Source\Component.cpp">
      <Filter>Game\Component\Source</Filter>
    </ClCompile>
    <ClCompile Include="Source\GameEngine\Game\Component\Source\ComponentManager.cpp">
      <Filter>Game\Component\Source</Filter>
    </ClCompile>
    <ClCompile Include="Source\GameEngine\Game\Game\Source\Game.cpp">
      <Filter>Game\Game\Source</Filter>
    </ClCompile>
    <ClCompile Include="Source\GameEngine\Game\Scene\Source\Scene.cpp">
      <Filter>Game\Scene\Source</Filter>
    </ClCompile>
    <ClCompile Include="Source\GameEngine\Common\Source\InputDevice.cpp">
      <Filter>Common\Source</Filter>
    </ClCompile>
    <ClCompile Include="Source\GameEngine\Common\Source\Space.cpp">
      <Filter>Common\Source</Filter>
    </ClCompile>
    <ClCompile Include="Source\GameEngine\Common\Source\stdafx.cpp">
      <Filter>Common\Source</Filter>
    </ClCompile>
    <ClCompile Include="Source\GameEngine\Common\Source\Window.cpp">
      <Filter>Common\Source</Filter>
    </ClCompile>
    <ClCompile Include="Source\GameEngine\main.cpp">
      <Filter>源文件</Filter>
    </ClCompile>
    <ClCompile Include="Source\GameEngine\Game\Object\Source\Object.cpp">
      <Filter>Game\Object\Source</Filter>
    </ClCompile>
    <ClCompile Include="Source\GameEngine\Game\Object\Source\ObjectManager.cpp">
      <Filter>Game\Object\Source</Filter>
    </ClCompile>
    <ClCompile Include="Source\GameEngine\Physics\Transform\Source\Transform.cpp">
      <Filter>Physics\Transform\Source</Filter>
    </ClCompile>
    <ClCompile Include="Source\GameEngine\Game\Object\Source\ObjectInformation.cpp">
      <Filter>Game\Object\Source</Filter>
    </ClCompile>
    <ClCompile Include="Source\GameEngine\Game\Message\Source\Message.cpp">
      <Filter>Game\Message\Source</Filter>
    </ClCompile>
    <ClCompile Include="Source\GameEngine\Game\Component\Source\ComponentFactoryManager.cpp">
      <Filter>Game\Component\Source</Filter>
    </ClCompile>
    <ClCompile Include="Source\GameEngine\Game\Object\Source\ObjectFactory.cpp">
      <Filter>Game\Object\Source</Filter>
    </ClCompile>
    <ClCompile Include="Source\GameEngine\Game\Game\Source\SafeGet.cpp">
      <Filter>Game\Game\Source</Filter>
    </ClCompile>
    <ClCompile Include="Source\GameEngine\dxerr\dxerr.cpp">
      <Filter>dxerr</Filter>
    </ClCompile>
    <ClCompile Include="Source\GameEngine\ShaderFarmework\VertexShader\Source\VertexShader.cpp">
      <Filter>ShaderFarmework\VertexShader\Source</Filter>
    </ClCompile>
  </ItemGroup>
  <ItemGroup>
    <FxCompile Include="Source\GameEngine\Shader\Common\DefaultPS.hlsl">
      <Filter>Shader\Common</Filter>
    </FxCompile>
    <FxCompile Include="Source\GameEngine\Shader\Common\DefaultVS.hlsl">
      <Filter>Shader\Common</Filter>
    </FxCompile>
  </ItemGroup>
</Project>