<?xml version="1.0" encoding="utf-8"?>
<Project ToolsVersion="4.0" xmlns="http://schemas.microsoft.com/developer/msbuild/2003">
  <ItemGroup>
    <Filter Include="资源文件">
      <UniqueIdentifier>{67DA6AB6-F800-4c08-8B7A-83BB121AAD01}</UniqueIdentifier>
      <Extensions>rc;ico;cur;bmp;dlg;rc2;rct;bin;rgs;gif;jpg;jpeg;jpe;resx;tiff;tif;png;wav;mfcribbon-ms</Extensions>
    </Filter>
    <Filter Include="头文件">
      <UniqueIdentifier>{93995380-89BD-4b04-88EB-625FBE52EBFB}</UniqueIdentifier>
      <Extensions>h;hh;hpp;hxx;hm;inl;inc;xsd</Extensions>
    </Filter>
    <Filter Include="源文件">
      <UniqueIdentifier>{4FC737F1-C7A5-4376-A066-2A32D752A2FF}</UniqueIdentifier>
      <Extensions>cpp;c;cc;cxx;def;odl;idl;hpj;bat;asm;asmx</Extensions>
    </Filter>
    <Filter Include="Common">
      <UniqueIdentifier>{72e74f24-c532-4185-a017-1ca856d22de0}</UniqueIdentifier>
    </Filter>
    <Filter Include="Document">
      <UniqueIdentifier>{60fa9161-959c-401e-917b-b3178df7a994}</UniqueIdentifier>
    </Filter>
    <Filter Include="Document\Document">
      <UniqueIdentifier>{49587f5d-80b2-46e9-b901-ee1743ae3ed5}</UniqueIdentifier>
    </Filter>
    <Filter Include="Document\Tutorial">
      <UniqueIdentifier>{172b2f02-bd6f-4ef5-b71b-31d662b9de31}</UniqueIdentifier>
    </Filter>
    <Filter Include="Document\Document\Others">
      <UniqueIdentifier>{b61ae010-e7d4-41fb-96c2-ea3e5ae9fa5a}</UniqueIdentifier>
    </Filter>
    <Filter Include="Shader">
      <UniqueIdentifier>{3a5cc722-df50-42ea-8c04-898fdc782918}</UniqueIdentifier>
    </Filter>
    <Filter Include="Shader\Common">
      <UniqueIdentifier>{882a02ff-4fad-4e52-b72b-54676ed9036e}</UniqueIdentifier>
    </Filter>
    <Filter Include="dxerr">
      <UniqueIdentifier>{ec7b4770-eb04-4a4e-8504-00a9bb50bafc}</UniqueIdentifier>
    </Filter>
    <Filter Include="Shader\Lighting">
      <UniqueIdentifier>{339048cc-9aa7-44e6-a665-b62b38b887dd}</UniqueIdentifier>
    </Filter>
    <Filter Include="DDSTextureLoader">
      <UniqueIdentifier>{827f611b-fe2a-40b3-abd4-a9afb216d39c}</UniqueIdentifier>
    </Filter>
    <Filter Include="Document\Document\GameFramework">
      <UniqueIdentifier>{1a8667e2-f534-4c65-bab3-ac743f090b5f}</UniqueIdentifier>
    </Filter>
    <Filter Include="Common\MemoryManager">
      <UniqueIdentifier>{6c62c8ce-9d14-41b1-83d2-ee0aa53a1a4f}</UniqueIdentifier>
    </Filter>
  </ItemGroup>
  <ItemGroup>
    <None Include="ClassDiagram.cd">
      <Filter>资源文件</Filter>
    </None>
    <None Include="README.md">
      <Filter>Document</Filter>
    </None>
    <None Include="Document\Document\Others\Space文件类型.md">
      <Filter>Document\Document\Others</Filter>
    </None>
    <None Include="Space.licenseheader" />
    <None Include="Source\GameEngine\dxerr\dxerr.licenseheader">
      <Filter>dxerr</Filter>
    </None>
    <None Include="Document\Document\Others\ToDoList.md">
      <Filter>Document\Document\Others</Filter>
    </None>
    <None Include="Source\GameEngine\DDSTextureLoader\DDSTextureLoader.licenseheader">
      <Filter>DDSTextureLoader</Filter>
    </None>
    <None Include="SystemConfig.configfile" />
    <None Include="Document\Document\Others\Notice.md">
      <Filter>Document\Document\Others</Filter>
    </None>
    <None Include="Document\Document\GameFramework\Asset.md">
      <Filter>Document\Document\GameFramework</Filter>
    </None>
    <None Include="Document\Document\GameFramework\Component子类编写规则.md">
      <Filter>Document\Document\GameFramework</Filter>
    </None>
    <None Include="Document\Document\GameFramework\Space光源及光源组件.md">
      <Filter>Document\Document\GameFramework</Filter>
    </None>
    <None Include="Document\Document\GameFramework\Space基本组件Component类.md">
      <Filter>Document\Document\GameFramework</Filter>
    </None>
  </ItemGroup>
  <ItemGroup>
    <ClInclude Include="Source\GameEngine\dxerr\dxerr.h">
      <Filter>dxerr</Filter>
    </ClInclude>
    <ClInclude Include="Source\GameEngine\DDSTextureLoader\DDSTextureLoader.h">
      <Filter>DDSTextureLoader</Filter>
    </ClInclude>
    <ClInclude Include="Source\GameEngine\SpaceGameEngine.h">
      <Filter>头文件</Filter>
    </ClInclude>
    <ClInclude Include="Source\GameEngine\Common\stdafx.h">
      <Filter>Common</Filter>
    </ClInclude>
    <ClInclude Include="Source\GameEngine\Common\Def.h">
      <Filter>Common</Filter>
    </ClInclude>
    <ClInclude Include="Source\GameEngine\Common\Space.h">
      <Filter>Common</Filter>
    </ClInclude>
    <ClInclude Include="Source\GameEngine\Common\MemoryManager\Allocator.h">
      <Filter>Common\MemoryManager</Filter>
    </ClInclude>
    <ClInclude Include="Source\GameEngine\Common\MemoryManager\MemoryManager.h">
      <Filter>Common\MemoryManager</Filter>
    </ClInclude>
    <ClInclude Include="Source\GameEngine\Common\GlobalVariable.h">
      <Filter>Common</Filter>
    </ClInclude>
    <ClInclude Include="Source\GameEngine\Common\MemoryManager\AllocatorForSTL.hpp">
      <Filter>Common\MemoryManager</Filter>
    </ClInclude>
    <ClInclude Include="Source\GameEngine\Common\Error.h">
      <Filter>Common</Filter>
    </ClInclude>
    <ClInclude Include="Source\GameEngine\Common\StringConverter.h">
      <Filter>Common</Filter>
    </ClInclude>
    <ClInclude Include="Source\GameEngine\Common\Timer.h">
      <Filter>Common</Filter>
    </ClInclude>
  </ItemGroup>
  <ItemGroup>
    <ClCompile Include="Source\GameEngine\main.cpp">
      <Filter>源文件</Filter>
    </ClCompile>
    <ClCompile Include="Source\GameEngine\dxerr\dxerr.cpp">
      <Filter>dxerr</Filter>
    </ClCompile>
    <ClCompile Include="Source\GameEngine\DDSTextureLoader\DDSTextureLoader.cpp">
      <Filter>DDSTextureLoader</Filter>
    </ClCompile>
    <ClCompile Include="Source\GameEngine\Common\stdafx.cpp">
      <Filter>Common</Filter>
    </ClCompile>
    <ClCompile Include="Source\GameEngine\Common\Def.cpp">
      <Filter>Common</Filter>
    </ClCompile>
    <ClCompile Include="Source\GameEngine\Common\Space.cpp">
      <Filter>Common</Filter>
    </ClCompile>
    <ClCompile Include="Source\GameEngine\Common\MemoryManager\Allocator.cpp">
      <Filter>Common\MemoryManager</Filter>
    </ClCompile>
    <ClCompile Include="Source\GameEngine\Common\MemoryManager\MemoryManager.cpp">
      <Filter>Common\MemoryManager</Filter>
    </ClCompile>
    <ClCompile Include="Source\GameEngine\Common\GlobalVariable.cpp">
      <Filter>Common</Filter>
    </ClCompile>
    <ClCompile Include="Source\GameEngine\Common\Error.cpp">
      <Filter>Common</Filter>
    </ClCompile>
    <ClCompile Include="Source\GameEngine\Common\StringConverter.cpp">
      <Filter>Common</Filter>
    </ClCompile>
    <ClCompile Include="Source\GameEngine\Common\Timer.cpp">
      <Filter>Common</Filter>
    </ClCompile>
  </ItemGroup>
  <ItemGroup>
    <FxCompile Include="Source\GameEngine\Shader\Common\DefaultPS.hlsl">
      <Filter>Shader\Common</Filter>
    </FxCompile>
    <FxCompile Include="Source\GameEngine\Shader\Common\DefaultVS.hlsl">
      <Filter>Shader\Common</Filter>
    </FxCompile>
    <FxCompile Include="Source\GameEngine\Shader\Common\DefaultShader.fx">
      <Filter>Shader\Common</Filter>
    </FxCompile>
    <FxCompile Include="Source\GameEngine\Shader\Lighting\Light.fx">
      <Filter>Shader\Lighting</Filter>
    </FxCompile>
  </ItemGroup>
</Project>